// !$*UTF8*$!
{
	archiveVersion = 1;
	classes = {
	};
	objectVersion = 46;
	objects = {

/* Begin PBXBuildFile section */
		BDD9B79F1EB0481400663A88 /* AppDelegate.swift in Sources */ = {isa = PBXBuildFile; fileRef = BDD9B79E1EB0481400663A88 /* AppDelegate.swift */; };
		BDD9B7A11EB0481400663A88 /* ViewController.swift in Sources */ = {isa = PBXBuildFile; fileRef = BDD9B7A01EB0481400663A88 /* ViewController.swift */; };
		BDD9B7A41EB0481400663A88 /* Main.storyboard in Resources */ = {isa = PBXBuildFile; fileRef = BDD9B7A21EB0481400663A88 /* Main.storyboard */; };
		BDD9B7A61EB0481400663A88 /* Assets.xcassets in Resources */ = {isa = PBXBuildFile; fileRef = BDD9B7A51EB0481400663A88 /* Assets.xcassets */; };
		BDD9B7A91EB0481400663A88 /* LaunchScreen.storyboard in Resources */ = {isa = PBXBuildFile; fileRef = BDD9B7A71EB0481400663A88 /* LaunchScreen.storyboard */; };
/* End PBXBuildFile section */

/* Begin PBXFileReference section */
		BDD9B79B1EB0481400663A88 /* RuRu.app */ = {isa = PBXFileReference; explicitFileType = wrapper.application; includeInIndex = 0; path = RuRu.app; sourceTree = BUILT_PRODUCTS_DIR; };
		BDD9B79E1EB0481400663A88 /* AppDelegate.swift */ = {isa = PBXFileReference; lastKnownFileType = sourcecode.swift; path = AppDelegate.swift; sourceTree = "<group>"; };
		BDD9B7A01EB0481400663A88 /* ViewController.swift */ = {isa = PBXFileReference; lastKnownFileType = sourcecode.swift; path = ViewController.swift; sourceTree = "<group>"; };
		BDD9B7A31EB0481400663A88 /* Base */ = {isa = PBXFileReference; lastKnownFileType = file.storyboard; name = Base; path = Base.lproj/Main.storyboard; sourceTree = "<group>"; };
		BDD9B7A51EB0481400663A88 /* Assets.xcassets */ = {isa = PBXFileReference; lastKnownFileType = folder.assetcatalog; path = Assets.xcassets; sourceTree = "<group>"; };
		BDD9B7A81EB0481400663A88 /* Base */ = {isa = PBXFileReference; lastKnownFileType = file.storyboard; name = Base; path = Base.lproj/LaunchScreen.storyboard; sourceTree = "<group>"; };
		BDD9B7AA1EB0481400663A88 /* Info.plist */ = {isa = PBXFileReference; lastKnownFileType = text.plist.xml; path = Info.plist; sourceTree = "<group>"; };
/* End PBXFileReference section */

/* Begin PBXFrameworksBuildPhase section */
		BDD9B7981EB0481400663A88 /* Frameworks */ = {
			isa = PBXFrameworksBuildPhase;
			buildActionMask = 2147483647;
			files = (
			);
			runOnlyForDeploymentPostprocessing = 0;
		};
/* End PBXFrameworksBuildPhase section */

/* Begin PBXGroup section */
		BDD9B7921EB0481400663A88 = {
			isa = PBXGroup;
			children = (
				BDD9B79D1EB0481400663A88 /* RuRu */,
				BDD9B79C1EB0481400663A88 /* Products */,
			);
			sourceTree = "<group>";
		};
		BDD9B79C1EB0481400663A88 /* Products */ = {
			isa = PBXGroup;
			children = (
				BDD9B79B1EB0481400663A88 /* RuRu.app */,
			);
			name = Products;
			sourceTree = "<group>";
		};
		BDD9B79D1EB0481400663A88 /* RuRu */ = {
			isa = PBXGroup;
			children = (
				BDD9B79E1EB0481400663A88 /* AppDelegate.swift */,
				BDD9B7A01EB0481400663A88 /* ViewController.swift */,
				BDD9B7A21EB0481400663A88 /* Main.storyboard */,
				BDD9B7A51EB0481400663A88 /* Assets.xcassets */,
				BDD9B7A71EB0481400663A88 /* LaunchScreen.storyboard */,
				BDD9B7AA1EB0481400663A88 /* Info.plist */,
			);
			path = RuRu;
			sourceTree = "<group>";
		};
/* End PBXGroup section */

/* Begin PBXNativeTarget section */
		BDD9B79A1EB0481400663A88 /* RuRu */ = {
			isa = PBXNativeTarget;
			buildConfigurationList = BDD9B7AD1EB0481400663A88 /* Build configuration list for PBXNativeTarget "RuRu" */;
			buildPhases = (
				BDD9B7971EB0481400663A88 /* Sources */,
				BDD9B7981EB0481400663A88 /* Frameworks */,
				BDD9B7991EB0481400663A88 /* Resources */,
			);
			buildRules = (
			);
			dependencies = (
			);
			name = RuRu;
			productName = RuRu;
			productReference = BDD9B79B1EB0481400663A88 /* RuRu.app */;
			productType = "com.apple.product-type.application";
		};
/* End PBXNativeTarget section */

/* Begin PBXProject section */
		BDD9B7931EB0481400663A88 /* Project object */ = {
			isa = PBXProject;
			attributes = {
				LastSwiftUpdateCheck = 0830;
				LastUpgradeCheck = 0830;
				ORGANIZATIONNAME = "Colin Walsh";
				TargetAttributes = {
					BDD9B79A1EB0481400663A88 = {
						CreatedOnToolsVersion = 8.3.2;
						DevelopmentTeam = Q844VW9UW4;
						ProvisioningStyle = Automatic;
					};
				};
			};
			buildConfigurationList = BDD9B7961EB0481400663A88 /* Build configuration list for PBXProject "RuRu" */;
			compatibilityVersion = "Xcode 3.2";
			developmentRegion = English;
			hasScannedForEncodings = 0;
			knownRegions = (
				en,
				Base,
			);
			mainGroup = BDD9B7921EB0481400663A88;
			productRefGroup = BDD9B79C1EB0481400663A88 /* Products */;
			projectDirPath = "";
			projectRoot = "";
			targets = (
				BDD9B79A1EB0481400663A88 /* RuRu */,
			);
		};
/* End PBXProject section */

/* Begin PBXResourcesBuildPhase section */
		BDD9B7991EB0481400663A88 /* Resources */ = {
			isa = PBXResourcesBuildPhase;
			buildActionMask = 2147483647;
			files = (
				BDD9B7A91EB0481400663A88 /* LaunchScreen.storyboard in Resources */,
				BDD9B7A61EB0481400663A88 /* Assets.xcassets in Resources */,
				BDD9B7A41EB0481400663A88 /* Main.storyboard in Resources */,
			);
			runOnlyForDeploymentPostprocessing = 0;
		};
/* End PBXResourcesBuildPhase section */

/* Begin PBXSourcesBuildPhase section */
		BDD9B7971EB0481400663A88 /* Sources */ = {
			isa = PBXSourcesBuildPhase;
			buildActionMask = 2147483647;
			files = (
				BDD9B7A11EB0481400663A88 /* ViewController.swift in Sources */,
				BDD9B79F1EB0481400663A88 /* AppDelegate.swift in Sources */,
			);
			runOnlyForDeploymentPostprocessing = 0;
		};
/* End PBXSourcesBuildPhase section */

/* Begin PBXVariantGroup section */
		BDD9B7A21EB0481400663A88 /* Main.storyboard */ = {
			isa = PBXVariantGroup;
			children = (
				BDD9B7A31EB0481400663A88 /* Base */,
			);
			name = Main.storyboard;
			sourceTree = "<group>";
		};
		BDD9B7A71EB0481400663A88 /* LaunchScreen.storyboard */ = {
			isa = PBXVariantGroup;
			children = (
				BDD9B7A81EB0481400663A88 /* Base */,
			);
			name = LaunchScreen.storyboard;
			sourceTree = "<group>";
		};
/* End PBXVariantGroup section */

/* Begin XCBuildConfiguration section */
		BDD9B7AB1EB0481400663A88 /* Debug */ = {
			isa = XCBuildConfiguration;
			buildSettings = {
				ALWAYS_SEARCH_USER_PATHS = NO;
				CLANG_ANALYZER_NONNULL = YES;
				CLANG_ANALYZER_NUMBER_OBJECT_CONVERSION = YES_AGGRESSIVE;
				CLANG_CXX_LANGUAGE_STANDARD = "gnu++0x";
				CLANG_CXX_LIBRARY = "libc++";
				CLANG_ENABLE_MODULES = YES;
				CLANG_ENABLE_OBJC_ARC = YES;
				CLANG_WARN_BOOL_CONVERSION = YES;
				CLANG_WARN_CONSTANT_CONVERSION = YES;
				CLANG_WARN_DIRECT_OBJC_ISA_USAGE = YES_ERROR;
				CLANG_WARN_DOCUMENTATION_COMMENTS = YES;
				CLANG_WARN_EMPTY_BODY = YES;
				CLANG_WARN_ENUM_CONVERSION = YES;
				CLANG_WARN_INFINITE_RECURSION = YES;
				CLANG_WARN_INT_CONVERSION = YES;
				CLANG_WARN_OBJC_ROOT_CLASS = YES_ERROR;
				CLANG_WARN_SUSPICIOUS_MOVE = YES;
				CLANG_WARN_UNREACHABLE_CODE = YES;
				CLANG_WARN__DUPLICATE_METHOD_MATCH = YES;
				"CODE_SIGN_IDENTITY[sdk=iphoneos*]" = "iPhone Developer";
				COPY_PHASE_STRIP = NO;
				DEBUG_INFORMATION_FORMAT = dwarf;
				ENABLE_STRICT_OBJC_MSGSEND = YES;
				ENABLE_TESTABILITY = YES;
				GCC_C_LANGUAGE_STANDARD = gnu99;
				GCC_DYNAMIC_NO_PIC = NO;
				GCC_NO_COMMON_BLOCKS = YES;
				GCC_OPTIMIZATION_LEVEL = 0;
				GCC_PREPROCESSOR_DEFINITIONS = (
					"DEBUG=1",
					"$(inherited)",
				);
				GCC_WARN_64_TO_32_BIT_CONVERSION = YES;
				GCC_WARN_ABOUT_RETURN_TYPE = YES_ERROR;
				GCC_WARN_UNDECLARED_SELECTOR = YES;
				GCC_WARN_UNINITIALIZED_AUTOS = YES_AGGRESSIVE;
				GCC_WARN_UNUSED_FUNCTION = YES;
				GCC_WARN_UNUSED_VARIABLE = YES;
				IPHONEOS_DEPLOYMENT_TARGET = 10.3;
				MTL_ENABLE_DEBUG_INFO = YES;
				ONLY_ACTIVE_ARCH = YES;
				SDKROOT = iphoneos;
				SWIFT_ACTIVE_COMPILATION_CONDITIONS = DEBUG;
				SWIFT_OPTIMIZATION_LEVEL = "-Onone";
			};
			name = Debug;
		};
		BDD9B7AC1EB0481400663A88 /* Release */ = {
			isa = XCBuildConfiguration;
			buildSettings = {
				ALWAYS_SEARCH_USER_PATHS = NO;
				CLANG_ANALYZER_NONNULL = YES;
				CLANG_ANALYZER_NUMBER_OBJECT_CONVERSION = YES_AGGRESSIVE;
				CLANG_CXX_LANGUAGE_STANDARD = "gnu++0x";
				CLANG_CXX_LIBRARY = "libc++";
				CLANG_ENABLE_MODULES = YES;
				CLANG_ENABLE_OBJC_ARC = YES;
				CLANG_WARN_BOOL_CONVERSION = YES;
				CLANG_WARN_CONSTANT_CONVERSION = YES;
				CLANG_WARN_DIRECT_OBJC_ISA_USAGE = YES_ERROR;
				CLANG_WARN_DOCUMENTATION_COMMENTS = YES;
				CLANG_WARN_EMPTY_BODY = YES;
				CLANG_WARN_ENUM_CONVERSION = YES;
				CLANG_WARN_INFINITE_RECURSION = YES;
				CLANG_WARN_INT_CONVERSION = YES;
				CLANG_WARN_OBJC_ROOT_CLASS = YES_ERROR;
				CLANG_WARN_SUSPICIOUS_MOVE = YES;
				CLANG_WARN_UNREACHABLE_CODE = YES;
				CLANG_WARN__DUPLICATE_METHOD_MATCH = YES;
				"CODE_SIGN_IDENTITY[sdk=iphoneos*]" = "iPhone Developer";
				COPY_PHASE_STRIP = NO;
				DEBUG_INFORMATION_FORMAT = "dwarf-with-dsym";
				ENABLE_NS_ASSERTIONS = NO;
				ENABLE_STRICT_OBJC_MSGSEND = YES;
				GCC_C_LANGUAGE_STANDARD = gnu99;
				GCC_NO_COMMON_BLOCKS = YES;
				GCC_WARN_64_TO_32_BIT_CONVERSION = YES;
				GCC_WARN_ABOUT_RETURN_TYPE = YES_ERROR;
				GCC_WARN_UNDECLARED_SELECTOR = YES;
				GCC_WARN_UNINITIALIZED_AUTOS = YES_AGGRESSIVE;
				GCC_WARN_UNUSED_FUNCTION = YES;
				GCC_WARN_UNUSED_VARIABLE = YES;
				IPHONEOS_DEPLOYMENT_TARGET = 10.3;
				MTL_ENABLE_DEBUG_INFO = NO;
				SDKROOT = iphoneos;
				SWIFT_OPTIMIZATION_LEVEL = "-Owholemodule";
				VALIDATE_PRODUCT = YES;
			};
			name = Release;
		};
		BDD9B7AE1EB0481400663A88 /* Debug */ = {
			isa = XCBuildConfiguration;
			buildSettings = {
				ASSETCATALOG_COMPILER_APPICON_NAME = AppIcon;
				DEVELOPMENT_TEAM = Q844VW9UW4;
				INFOPLIST_FILE = RuRu/Info.plist;
				LD_RUNPATH_SEARCH_PATHS = "$(inherited) @executable_path/Frameworks";
				PRODUCT_BUNDLE_IDENTIFIER = com.colinfwalsh.RuRu;
				PRODUCT_NAME = "$(TARGET_NAME)";
				SWIFT_VERSION = 3.0;
			};
			name = Debug;
		};
		BDD9B7AF1EB0481400663A88 /* Release */ = {
			isa = XCBuildConfiguration;
			buildSettings = {
				ASSETCATALOG_COMPILER_APPICON_NAME = AppIcon;
				DEVELOPMENT_TEAM = Q844VW9UW4;
				INFOPLIST_FILE = RuRu/Info.plist;
				LD_RUNPATH_SEARCH_PATHS = "$(inherited) @executable_path/Frameworks";
				PRODUCT_BUNDLE_IDENTIFIER = com.colinfwalsh.RuRu;
				PRODUCT_NAME = "$(TARGET_NAME)";
				SWIFT_VERSION = 3.0;
			};
			name = Release;
		};
/* End XCBuildConfiguration section */

/* Begin XCConfigurationList section */
		BDD9B7961EB0481400663A88 /* Build configuration list for PBXProject "RuRu" */ = {
			isa = XCConfigurationList;
			buildConfigurations = (
				BDD9B7AB1EB0481400663A88 /* Debug */,
				BDD9B7AC1EB0481400663A88 /* Release */,
			);
			defaultConfigurationIsVisible = 0;
			defaultConfigurationName = Release;
		};
		BDD9B7AD1EB0481400663A88 /* Build configuration list for PBXNativeTarget "RuRu" */ = {
			isa = XCConfigurationList;
			buildConfigurations = (
				BDD9B7AE1EB0481400663A88 /* Debug */,
				BDD9B7AF1EB0481400663A88 /* Release */,
			);
			defaultConfigurationIsVisible = 0;
		};
/* End XCConfigurationList section */
	};
	rootObject = BDD9B7931EB0481400663A88 /* Project object */;
}
